
Microsoft Visual Studio Solution File, Format Version 12.00
# Visual Studio Version 16
VisualStudioVersion = 16.0.31005.135
MinimumVisualStudioVersion = 10.0.40219.1
Project("{FAE04EC0-301F-11D3-BF4B-00C04F79EFBC}") = "NorthWindProducts", "NorthWindProducts\NorthWindProducts.csproj", "{B21F63D3-DC4F-4B7D-A9F3-670A5D1D973F}"
EndProject
Project("{FAE04EC0-301F-11D3-BF4B-00C04F79EFBC}") = "AdventureWorksOrders", "AdventureWorksOrders\AdventureWorksOrders.csproj", "{7E515836-D7B5-4B0D-B18D-EA542A7A4FB1}"
EndProject
Project("{FAE04EC0-301F-11D3-BF4B-00C04F79EFBC}") = "GitHubRepoLink", "GitHubRepoLink\GitHubRepoLink.csproj", "{D3DB70FF-2EE5-4D7C-9CAE-9493CDBED90C}"
EndProject
Global
	GlobalSection(SolutionConfigurationPlatforms) = preSolution
		Debug|Any CPU = Debug|Any CPU
		Release|Any CPU = Release|Any CPU
	EndGlobalSection
	GlobalSection(ProjectConfigurationPlatforms) = postSolution
		{B21F63D3-DC4F-4B7D-A9F3-670A5D1D973F}.Debug|Any CPU.ActiveCfg = Debug|Any CPU
		{B21F63D3-DC4F-4B7D-A9F3-670A5D1D973F}.Debug|Any CPU.Build.0 = Debug|Any CPU
		{B21F63D3-DC4F-4B7D-A9F3-670A5D1D973F}.Release|Any CPU.ActiveCfg = Release|Any CPU
		{B21F63D3-DC4F-4B7D-A9F3-670A5D1D973F}.Release|Any CPU.Build.0 = Release|Any CPU
		{7E515836-D7B5-4B0D-B18D-EA542A7A4FB1}.Debug|Any CPU.ActiveCfg = Debug|Any CPU
		{7E515836-D7B5-4B0D-B18D-EA542A7A4FB1}.Debug|Any CPU.Build.0 = Debug|Any CPU
		{7E515836-D7B5-4B0D-B18D-EA542A7A4FB1}.Release|Any CPU.ActiveCfg = Release|Any CPU
		{7E515836-D7B5-4B0D-B18D-EA542A7A4FB1}.Release|Any CPU.Build.0 = Release|Any CPU
		{D3DB70FF-2EE5-4D7C-9CAE-9493CDBED90C}.Debug|Any CPU.ActiveCfg = Debug|Any CPU
		{D3DB70FF-2EE5-4D7C-9CAE-9493CDBED90C}.Debug|Any CPU.Build.0 = Debug|Any CPU
		{D3DB70FF-2EE5-4D7C-9CAE-9493CDBED90C}.Release|Any CPU.ActiveCfg = Release|Any CPU
		{D3DB70FF-2EE5-4D7C-9CAE-9493CDBED90C}.Release|Any CPU.Build.0 = Release|Any CPU
	EndGlobalSection
	GlobalSection(SolutionProperties) = preSolution
		HideSolutionNode = FALSE
	EndGlobalSection
	GlobalSection(ExtensibilityGlobals) = postSolution
		SolutionGuid = {A9E8F20B-4A1A-42EF-BB8D-F394D0E9960C}
	EndGlobalSection
EndGlobal
